{
  "name": "svg-mcp",
  "version": "1.0.0",
  "lockfileVersion": 3,
  "requires": true,
  "packages": {
    "": {
      "name": "svg-mcp",
      "version": "1.0.0",
      "cpu": [
        "x64",
        "arm64"
      ],
      "hasInstallScript": true,
      "license": "MIT",
      "os": [
        "win32",
        "darwin",
        "linux"
      ],
      "bin": {
        "svg-mcp": "index.js"
      },
      "engines": {
        "node": ">=14.0.0"
      },
      "optionalDependencies": {
        "@svg-mcp/darwin-arm64": "1.0.0",
        "@svg-mcp/darwin-x64": "1.0.0",
        "@svg-mcp/linux-x64": "1.0.0",
        "@svg-mcp/win32-x64": "1.0.0"
      }
    }
  }
}
